
Microsoft Visual Studio Solution File, Format Version 12.00
# Visual Studio Version 17
VisualStudioVersion = 17.9.34723.18
MinimumVisualStudioVersion = 10.0.40219.1
Project("{FAE04EC0-301F-11D3-BF4B-00C04F79EFBC}") = "ReactExample", "ReactExample\ReactExample.csproj", "{CADF552B-E1D5-4B40-8C98-A376AC223ACA}"
EndProject
Global
	GlobalSection(SolutionConfigurationPlatforms) = preSolution
		Debug|Any CPU = Debug|Any CPU
		Release|Any CPU = Release|Any CPU
	EndGlobalSection
	GlobalSection(ProjectConfigurationPlatforms) = postSolution
		{CADF552B-E1D5-4B40-8C98-A376AC223ACA}.Debug|Any CPU.ActiveCfg = Debug|Any CPU
		{CADF552B-E1D5-4B40-8C98-A376AC223ACA}.Debug|Any CPU.Build.0 = Debug|Any CPU
		{CADF552B-E1D5-4B40-8C98-A376AC223ACA}.Release|Any CPU.ActiveCfg = Release|Any CPU
		{CADF552B-E1D5-4B40-8C98-A376AC223ACA}.Release|Any CPU.Build.0 = Release|Any CPU
	EndGlobalSection
	GlobalSection(SolutionProperties) = preSolution
		HideSolutionNode = FALSE
	EndGlobalSection
	GlobalSection(ExtensibilityGlobals) = postSolution
		SolutionGuid = {D37385CC-0940-4801-8982-52A5D8EF5973}
	EndGlobalSection
EndGlobal
